
Microsoft Visual Studio Solution File, Format Version 12.00
# Visual Studio Version 17
VisualStudioVersion = 17.14.36119.2 d17.14
MinimumVisualStudioVersion = 10.0.40219.1
Project("{FAE04EC0-301F-11D3-BF4B-00C04F79EFBC}") = "StudentManagementWebApi", "StudentManagementWebApi.csproj", "{DFBC5DBB-4FE6-410A-88CD-9C8D26975CAB}"
EndProject
Global
	GlobalSection(SolutionConfigurationPlatforms) = preSolution
		Debug|Any CPU = Debug|Any CPU
		Release|Any CPU = Release|Any CPU
	EndGlobalSection
	GlobalSection(ProjectConfigurationPlatforms) = postSolution
		{DFBC5DBB-4FE6-410A-88CD-9C8D26975CAB}.Debug|Any CPU.ActiveCfg = Debug|Any CPU
		{DFBC5DBB-4FE6-410A-88CD-9C8D26975CAB}.Debug|Any CPU.Build.0 = Debug|Any CPU
		{DFBC5DBB-4FE6-410A-88CD-9C8D26975CAB}.Release|Any CPU.ActiveCfg = Release|Any CPU
		{DFBC5DBB-4FE6-410A-88CD-9C8D26975CAB}.Release|Any CPU.Build.0 = Release|Any CPU
	EndGlobalSection
	GlobalSection(SolutionProperties) = preSolution
		HideSolutionNode = FALSE
	EndGlobalSection
	GlobalSection(ExtensibilityGlobals) = postSolution
		SolutionGuid = {6F136F7D-78E4-4AC1-AB45-A1D9D45AA3EE}
	EndGlobalSection
EndGlobal
